// !$*UTF8*$!
{
	archiveVersion = 1;
	classes = {
	};
	objectVersion = 46;
	objects = {

/* Begin PBXBuildFile section */
		27F68CD1ACA178311F345FA7 /* Pods_jiagexian_SwiftUITests.framework in Frameworks */ = {isa = PBXBuildFile; fileRef = 539434DEFABBC337AE05DE93 /* Pods_jiagexian_SwiftUITests.framework */; };
		431AB60DFDF02869C6611468 /* Pods_jiagexian_Swift.framework in Frameworks */ = {isa = PBXBuildFile; fileRef = 9952E16AC778630EE11250B4 /* Pods_jiagexian_Swift.framework */; };
		C246BA741E004E44000A001E /* CitesTableViewController.swift in Sources */ = {isa = PBXBuildFile; fileRef = C246BA731E004E44000A001E /* CitesTableViewController.swift */; };
		C246BA761E004E5D000A001E /* KeysTableViewController.swift in Sources */ = {isa = PBXBuildFile; fileRef = C246BA751E004E5D000A001E /* KeysTableViewController.swift */; };
		C246BA781E004E98000A001E /* HotelListTableViewController.swift in Sources */ = {isa = PBXBuildFile; fileRef = C246BA771E004E98000A001E /* HotelListTableViewController.swift */; };
		C246BA7A1E004EA3000A001E /* RoomsListTableViewController.swift in Sources */ = {isa = PBXBuildFile; fileRef = C246BA791E004EA3000A001E /* RoomsListTableViewController.swift */; };
		C24AE1D81E00F149001AAE87 /* cities.plist in Resources */ = {isa = PBXBuildFile; fileRef = C24AE1D71E00F149001AAE87 /* cities.plist */; };
		C296F9B21DFD5E4B00139D33 /* RoomBL.swift in Sources */ = {isa = PBXBuildFile; fileRef = C296F9B11DFD5E4B00139D33 /* RoomBL.swift */; };
		C2BF86441DFAE7C6000DE75B /* HotelBL.swift in Sources */ = {isa = PBXBuildFile; fileRef = C2BF86431DFAE7C6000DE75B /* HotelBL.swift */; };
		C2F360A21DF70BF100B0B058 /* AppDelegate.swift in Sources */ = {isa = PBXBuildFile; fileRef = C2F360A11DF70BF100B0B058 /* AppDelegate.swift */; };
		C2F360A41DF70BF100B0B058 /* ViewController.swift in Sources */ = {isa = PBXBuildFile; fileRef = C2F360A31DF70BF100B0B058 /* ViewController.swift */; };
		C2F360A71DF70BF100B0B058 /* Main.storyboard in Resources */ = {isa = PBXBuildFile; fileRef = C2F360A51DF70BF100B0B058 /* Main.storyboard */; };
		C2F360A91DF70BF100B0B058 /* Assets.xcassets in Resources */ = {isa = PBXBuildFile; fileRef = C2F360A81DF70BF100B0B058 /* Assets.xcassets */; };
		C2F360AC1DF70BF100B0B058 /* LaunchScreen.storyboard in Resources */ = {isa = PBXBuildFile; fileRef = C2F360AA1DF70BF100B0B058 /* LaunchScreen.storyboard */; };
		C2F360B71DF70BF200B0B058 /* jiagexian_SwfitTests.swift in Sources */ = {isa = PBXBuildFile; fileRef = C2F360B61DF70BF200B0B058 /* jiagexian_SwfitTests.swift */; };
		C2F360C21DF70BF200B0B058 /* jiagexian_SwfitUITests.swift in Sources */ = {isa = PBXBuildFile; fileRef = C2F360C11DF70BF200B0B058 /* jiagexian_SwfitUITests.swift */; };
		C2F360D11DF70C2700B0B058 /* BLHelp.swift in Sources */ = {isa = PBXBuildFile; fileRef = C2F360D01DF70C2700B0B058 /* BLHelp.swift */; };
		E7FB079A76A8EE4B12D49793 /* Pods_jiagexian_SwiftTests.framework in Frameworks */ = {isa = PBXBuildFile; fileRef = 4A174B80685FEFB4D9092CE3 /* Pods_jiagexian_SwiftTests.framework */; };
/* End PBXBuildFile section */

/* Begin PBXContainerItemProxy section */
		C2F360B31DF70BF200B0B058 /* PBXContainerItemProxy */ = {
			isa = PBXContainerItemProxy;
			containerPortal = C2F360961DF70BF100B0B058 /* Project object */;
			proxyType = 1;
			remoteGlobalIDString = C2F3609D1DF70BF100B0B058;
			remoteInfo = jiagexian_Swfit;
		};
		C2F360BE1DF70BF200B0B058 /* PBXContainerItemProxy */ = {
			isa = PBXContainerItemProxy;
			containerPortal = C2F360961DF70BF100B0B058 /* Project object */;
			proxyType = 1;
			remoteGlobalIDString = C2F3609D1DF70BF100B0B058;
			remoteInfo = jiagexian_Swfit;
		};
/* End PBXContainerItemProxy section */

/* Begin PBXFileReference section */
		4A174B80685FEFB4D9092CE3 /* Pods_jiagexian_SwiftTests.framework */ = {isa = PBXFileReference; explicitFileType = wrapper.framework; includeInIndex = 0; path = Pods_jiagexian_SwiftTests.framework; sourceTree = BUILT_PRODUCTS_DIR; };
		539434DEFABBC337AE05DE93 /* Pods_jiagexian_SwiftUITests.framework */ = {isa = PBXFileReference; explicitFileType = wrapper.framework; includeInIndex = 0; path = Pods_jiagexian_SwiftUITests.framework; sourceTree = BUILT_PRODUCTS_DIR; };
		6AB75CD2092BAEF3793D302F /* Pods-jiagexian_SwiftTests.debug.xcconfig */ = {isa = PBXFileReference; includeInIndex = 1; lastKnownFileType = text.xcconfig; name = "Pods-jiagexian_SwiftTests.debug.xcconfig"; path = "Pods/Target Support Files/Pods-jiagexian_SwiftTests/Pods-jiagexian_SwiftTests.debug.xcconfig"; sourceTree = "<group>"; };
		75D222267B20D1F54A21B633 /* Pods-jiagexian_SwiftUITests.release.xcconfig */ = {isa = PBXFileReference; includeInIndex = 1; lastKnownFileType = text.xcconfig; name = "Pods-jiagexian_SwiftUITests.release.xcconfig"; path = "Pods/Target Support Files/Pods-jiagexian_SwiftUITests/Pods-jiagexian_SwiftUITests.release.xcconfig"; sourceTree = "<group>"; };
		77C73B95012D90FD3D6D2CBE /* Pods-jiagexian_Swift.release.xcconfig */ = {isa = PBXFileReference; includeInIndex = 1; lastKnownFileType = text.xcconfig; name = "Pods-jiagexian_Swift.release.xcconfig"; path = "Pods/Target Support Files/Pods-jiagexian_Swift/Pods-jiagexian_Swift.release.xcconfig"; sourceTree = "<group>"; };
		9952E16AC778630EE11250B4 /* Pods_jiagexian_Swift.framework */ = {isa = PBXFileReference; explicitFileType = wrapper.framework; includeInIndex = 0; path = Pods_jiagexian_Swift.framework; sourceTree = BUILT_PRODUCTS_DIR; };
		9AB8757CF311888E12B6CEBC /* Pods-jiagexian_SwiftTests.release.xcconfig */ = {isa = PBXFileReference; includeInIndex = 1; lastKnownFileType = text.xcconfig; name = "Pods-jiagexian_SwiftTests.release.xcconfig"; path = "Pods/Target Support Files/Pods-jiagexian_SwiftTests/Pods-jiagexian_SwiftTests.release.xcconfig"; sourceTree = "<group>"; };
		C236F76E1DF9A2F600CA0E33 /* jiagexian_Swift-Bridging-Header.h */ = {isa = PBXFileReference; lastKnownFileType = sourcecode.c.h; path = "jiagexian_Swift-Bridging-Header.h"; sourceTree = "<group>"; };
		C246BA731E004E44000A001E /* CitesTableViewController.swift */ = {isa = PBXFileReference; fileEncoding = 4; lastKnownFileType = sourcecode.swift; path = CitesTableViewController.swift; sourceTree = "<group>"; };
		C246BA751E004E5D000A001E /* KeysTableViewController.swift */ = {isa = PBXFileReference; fileEncoding = 4; lastKnownFileType = sourcecode.swift; path = KeysTableViewController.swift; sourceTree = "<group>"; };
		C246BA771E004E98000A001E /* HotelListTableViewController.swift */ = {isa = PBXFileReference; fileEncoding = 4; lastKnownFileType = sourcecode.swift; path = HotelListTableViewController.swift; sourceTree = "<group>"; };
		C246BA791E004EA3000A001E /* RoomsListTableViewController.swift */ = {isa = PBXFileReference; fileEncoding = 4; lastKnownFileType = sourcecode.swift; path = RoomsListTableViewController.swift; sourceTree = "<group>"; };
		C24AE1D71E00F149001AAE87 /* cities.plist */ = {isa = PBXFileReference; fileEncoding = 4; lastKnownFileType = text.plist.xml; path = cities.plist; sourceTree = "<group>"; };
		C294C09A1E0289F000BDAF5F /* PrefixHeader.pch */ = {isa = PBXFileReference; lastKnownFileType = sourcecode.c.h; path = PrefixHeader.pch; sourceTree = "<group>"; };
		C296F9B11DFD5E4B00139D33 /* RoomBL.swift */ = {isa = PBXFileReference; fileEncoding = 4; lastKnownFileType = sourcecode.swift; path = RoomBL.swift; sourceTree = "<group>"; };
		C2BF86431DFAE7C6000DE75B /* HotelBL.swift */ = {isa = PBXFileReference; fileEncoding = 4; lastKnownFileType = sourcecode.swift; path = HotelBL.swift; sourceTree = "<group>"; };
		C2F3609E1DF70BF100B0B058 /* jiagexian_Swift.app */ = {isa = PBXFileReference; explicitFileType = wrapper.application; includeInIndex = 0; path = jiagexian_Swift.app; sourceTree = BUILT_PRODUCTS_DIR; };
		C2F360A11DF70BF100B0B058 /* AppDelegate.swift */ = {isa = PBXFileReference; lastKnownFileType = sourcecode.swift; path = AppDelegate.swift; sourceTree = "<group>"; };
		C2F360A31DF70BF100B0B058 /* ViewController.swift */ = {isa = PBXFileReference; lastKnownFileType = sourcecode.swift; path = ViewController.swift; sourceTree = "<group>"; };
		C2F360A61DF70BF100B0B058 /* Base */ = {isa = PBXFileReference; lastKnownFileType = file.storyboard; name = Base; path = Base.lproj/Main.storyboard; sourceTree = "<group>"; };
		C2F360A81DF70BF100B0B058 /* Assets.xcassets */ = {isa = PBXFileReference; lastKnownFileType = folder.assetcatalog; path = Assets.xcassets; sourceTree = "<group>"; };
		C2F360AB1DF70BF100B0B058 /* Base */ = {isa = PBXFileReference; lastKnownFileType = file.storyboard; name = Base; path = Base.lproj/LaunchScreen.storyboard; sourceTree = "<group>"; };
		C2F360AD1DF70BF100B0B058 /* Info.plist */ = {isa = PBXFileReference; lastKnownFileType = text.plist.xml; path = Info.plist; sourceTree = "<group>"; };
		C2F360B21DF70BF200B0B058 /* jiagexian_SwiftTests.xctest */ = {isa = PBXFileReference; explicitFileType = wrapper.cfbundle; includeInIndex = 0; path = jiagexian_SwiftTests.xctest; sourceTree = BUILT_PRODUCTS_DIR; };
		C2F360B61DF70BF200B0B058 /* jiagexian_SwfitTests.swift */ = {isa = PBXFileReference; lastKnownFileType = sourcecode.swift; path = jiagexian_SwfitTests.swift; sourceTree = "<group>"; };
		C2F360B81DF70BF200B0B058 /* Info.plist */ = {isa = PBXFileReference; lastKnownFileType = text.plist.xml; path = Info.plist; sourceTree = "<group>"; };
		C2F360BD1DF70BF200B0B058 /* jiagexian_SwiftUITests.xctest */ = {isa = PBXFileReference; explicitFileType = wrapper.cfbundle; includeInIndex = 0; path = jiagexian_SwiftUITests.xctest; sourceTree = BUILT_PRODUCTS_DIR; };
		C2F360C11DF70BF200B0B058 /* jiagexian_SwfitUITests.swift */ = {isa = PBXFileReference; lastKnownFileType = sourcecode.swift; path = jiagexian_SwfitUITests.swift; sourceTree = "<group>"; };
		C2F360C31DF70BF200B0B058 /* Info.plist */ = {isa = PBXFileReference; lastKnownFileType = text.plist.xml; path = Info.plist; sourceTree = "<group>"; };
		C2F360D01DF70C2700B0B058 /* BLHelp.swift */ = {isa = PBXFileReference; fileEncoding = 4; lastKnownFileType = sourcecode.swift; path = BLHelp.swift; sourceTree = "<group>"; };
		DF614F2A277C7FE233066FDD /* Pods-jiagexian_SwiftUITests.debug.xcconfig */ = {isa = PBXFileReference; includeInIndex = 1; lastKnownFileType = text.xcconfig; name = "Pods-jiagexian_SwiftUITests.debug.xcconfig"; path = "Pods/Target Support Files/Pods-jiagexian_SwiftUITests/Pods-jiagexian_SwiftUITests.debug.xcconfig"; sourceTree = "<group>"; };
		FE803030D2019F7B935580CD /* Pods-jiagexian_Swift.debug.xcconfig */ = {isa = PBXFileReference; includeInIndex = 1; lastKnownFileType = text.xcconfig; name = "Pods-jiagexian_Swift.debug.xcconfig"; path = "Pods/Target Support Files/Pods-jiagexian_Swift/Pods-jiagexian_Swift.debug.xcconfig"; sourceTree = "<group>"; };
/* End PBXFileReference section */

/* Begin PBXFrameworksBuildPhase section */
		C2F3609B1DF70BF100B0B058 /* Frameworks */ = {
			isa = PBXFrameworksBuildPhase;
			buildActionMask = 2147483647;
			files = (
				431AB60DFDF02869C6611468 /* Pods_jiagexian_Swift.framework in Frameworks */,
			);
			runOnlyForDeploymentPostprocessing = 0;
		};
		C2F360AF1DF70BF200B0B058 /* Frameworks */ = {
			isa = PBXFrameworksBuildPhase;
			buildActionMask = 2147483647;
			files = (
				E7FB079A76A8EE4B12D49793 /* Pods_jiagexian_SwiftTests.framework in Frameworks */,
			);
			runOnlyForDeploymentPostprocessing = 0;
		};
		C2F360BA1DF70BF200B0B058 /* Frameworks */ = {
			isa = PBXFrameworksBuildPhase;
			buildActionMask = 2147483647;
			files = (
				27F68CD1ACA178311F345FA7 /* Pods_jiagexian_SwiftUITests.framework in Frameworks */,
			);
			runOnlyForDeploymentPostprocessing = 0;
		};
/* End PBXFrameworksBuildPhase section */

/* Begin PBXGroup section */
		394F28DC126D5386D3BCF482 /* Frameworks */ = {
			isa = PBXGroup;
			children = (
				9952E16AC778630EE11250B4 /* Pods_jiagexian_Swift.framework */,
				4A174B80685FEFB4D9092CE3 /* Pods_jiagexian_SwiftTests.framework */,
				539434DEFABBC337AE05DE93 /* Pods_jiagexian_SwiftUITests.framework */,
			);
			name = Frameworks;
			sourceTree = "<group>";
		};
		C246BA721E004E1E000A001E /* ViewController */ = {
			isa = PBXGroup;
			children = (
				C246BA731E004E44000A001E /* CitesTableViewController.swift */,
				C246BA751E004E5D000A001E /* KeysTableViewController.swift */,
				C246BA771E004E98000A001E /* HotelListTableViewController.swift */,
				C246BA791E004EA3000A001E /* RoomsListTableViewController.swift */,
			);
			name = ViewController;
			sourceTree = "<group>";
		};
		C2F360951DF70BF100B0B058 = {
			isa = PBXGroup;
			children = (
				C2F360CF1DF70C0300B0B058 /* BusinessLayer */,
				C2F360A01DF70BF100B0B058 /* jiagexian_Swfit */,
				C2F360B51DF70BF200B0B058 /* jiagexian_SwfitTests */,
				C2F360C01DF70BF200B0B058 /* jiagexian_SwfitUITests */,
				C2F3609F1DF70BF100B0B058 /* Products */,
				E19CE013EC28768855ABDBC9 /* Pods */,
				394F28DC126D5386D3BCF482 /* Frameworks */,
			);
			sourceTree = "<group>";
		};
		C2F3609F1DF70BF100B0B058 /* Products */ = {
			isa = PBXGroup;
			children = (
				C2F3609E1DF70BF100B0B058 /* jiagexian_Swift.app */,
				C2F360B21DF70BF200B0B058 /* jiagexian_SwiftTests.xctest */,
				C2F360BD1DF70BF200B0B058 /* jiagexian_SwiftUITests.xctest */,
			);
			name = Products;
			sourceTree = "<group>";
		};
		C2F360A01DF70BF100B0B058 /* jiagexian_Swfit */ = {
			isa = PBXGroup;
			children = (
				C24AE1D71E00F149001AAE87 /* cities.plist */,
				C246BA721E004E1E000A001E /* ViewController */,
				C2F360A11DF70BF100B0B058 /* AppDelegate.swift */,
				C2F360A31DF70BF100B0B058 /* ViewController.swift */,
				C2F360A51DF70BF100B0B058 /* Main.storyboard */,
				C2F360A81DF70BF100B0B058 /* Assets.xcassets */,
				C2F360AA1DF70BF100B0B058 /* LaunchScreen.storyboard */,
				C2F360AD1DF70BF100B0B058 /* Info.plist */,
				C236F76E1DF9A2F600CA0E33 /* jiagexian_Swift-Bridging-Header.h */,
				C294C09A1E0289F000BDAF5F /* PrefixHeader.pch */,
			);
			path = jiagexian_Swfit;
			sourceTree = "<group>";
		};
		C2F360B51DF70BF200B0B058 /* jiagexian_SwfitTests */ = {
			isa = PBXGroup;
			children = (
				C2F360B61DF70BF200B0B058 /* jiagexian_SwfitTests.swift */,
				C2F360B81DF70BF200B0B058 /* Info.plist */,
			);
			path = jiagexian_SwfitTests;
			sourceTree = "<group>";
		};
		C2F360C01DF70BF200B0B058 /* jiagexian_SwfitUITests */ = {
			isa = PBXGroup;
			children = (
				C2F360C11DF70BF200B0B058 /* jiagexian_SwfitUITests.swift */,
				C2F360C31DF70BF200B0B058 /* Info.plist */,
			);
			path = jiagexian_SwfitUITests;
			sourceTree = "<group>";
		};
		C2F360CF1DF70C0300B0B058 /* BusinessLayer */ = {
			isa = PBXGroup;
			children = (
				C2F360D01DF70C2700B0B058 /* BLHelp.swift */,
				C2BF86431DFAE7C6000DE75B /* HotelBL.swift */,
				C296F9B11DFD5E4B00139D33 /* RoomBL.swift */,
			);
			name = BusinessLayer;
			sourceTree = "<group>";
		};
		E19CE013EC28768855ABDBC9 /* Pods */ = {
			isa = PBXGroup;
			children = (
				FE803030D2019F7B935580CD /* Pods-jiagexian_Swift.debug.xcconfig */,
				77C73B95012D90FD3D6D2CBE /* Pods-jiagexian_Swift.release.xcconfig */,
				6AB75CD2092BAEF3793D302F /* Pods-jiagexian_SwiftTests.debug.xcconfig */,
				9AB8757CF311888E12B6CEBC /* Pods-jiagexian_SwiftTests.release.xcconfig */,
				DF614F2A277C7FE233066FDD /* Pods-jiagexian_SwiftUITests.debug.xcconfig */,
				75D222267B20D1F54A21B633 /* Pods-jiagexian_SwiftUITests.release.xcconfig */,
			);
			name = Pods;
			sourceTree = "<group>";
		};
/* End PBXGroup section */

/* Begin PBXNativeTarget section */
		C2F3609D1DF70BF100B0B058 /* jiagexian_Swift */ = {
			isa = PBXNativeTarget;
			buildConfigurationList = C2F360C61DF70BF200B0B058 /* Build configuration list for PBXNativeTarget "jiagexian_Swift" */;
			buildPhases = (
				A5E141EE25612DB7D08769D9 /* [CP] Check Pods Manifest.lock */,
				C2F3609A1DF70BF100B0B058 /* Sources */,
				C2F3609B1DF70BF100B0B058 /* Frameworks */,
				C2F3609C1DF70BF100B0B058 /* Resources */,
				14EE24B3B8B1356F1F9FB5C1 /* [CP] Embed Pods Frameworks */,
				A4247C58F44385A836FBE666 /* [CP] Copy Pods Resources */,
			);
			buildRules = (
			);
			dependencies = (
			);
			name = jiagexian_Swift;
			productName = jiagexian_Swfit;
			productReference = C2F3609E1DF70BF100B0B058 /* jiagexian_Swift.app */;
			productType = "com.apple.product-type.application";
		};
		C2F360B11DF70BF200B0B058 /* jiagexian_SwiftTests */ = {
			isa = PBXNativeTarget;
			buildConfigurationList = C2F360C91DF70BF200B0B058 /* Build configuration list for PBXNativeTarget "jiagexian_SwiftTests" */;
			buildPhases = (
				9C7D30B2FED1A788ADC45C36 /* [CP] Check Pods Manifest.lock */,
				C2F360AE1DF70BF200B0B058 /* Sources */,
				C2F360AF1DF70BF200B0B058 /* Frameworks */,
				C2F360B01DF70BF200B0B058 /* Resources */,
				3B65B0A6D28116590CE6F155 /* [CP] Embed Pods Frameworks */,
				878D933EAD0D57BAF29E990C /* [CP] Copy Pods Resources */,
			);
			buildRules = (
			);
			dependencies = (
				C2F360B41DF70BF200B0B058 /* PBXTargetDependency */,
			);
			name = jiagexian_SwiftTests;
			productName = jiagexian_SwfitTests;
			productReference = C2F360B21DF70BF200B0B058 /* jiagexian_SwiftTests.xctest */;
			productType = "com.apple.product-type.bundle.unit-test";
		};
		C2F360BC1DF70BF200B0B058 /* jiagexian_SwiftUITests */ = {
			isa = PBXNativeTarget;
			buildConfigurationList = C2F360CC1DF70BF200B0B058 /* Build configuration list for PBXNativeTarget "jiagexian_SwiftUITests" */;
			buildPhases = (
				01718C1920CD5905B3C4FA6B /* [CP] Check Pods Manifest.lock */,
				C2F360B91DF70BF200B0B058 /* Sources */,
				C2F360BA1DF70BF200B0B058 /* Frameworks */,
				C2F360BB1DF70BF200B0B058 /* Resources */,
				CC05C3DCB6BA49C33113E675 /* [CP] Embed Pods Frameworks */,
				CD1FB38FBAE60BD3453EBB6E /* [CP] Copy Pods Resources */,
			);
			buildRules = (
			);
			dependencies = (
				C2F360BF1DF70BF200B0B058 /* PBXTargetDependency */,
			);
			name = jiagexian_SwiftUITests;
			productName = jiagexian_SwfitUITests;
			productReference = C2F360BD1DF70BF200B0B058 /* jiagexian_SwiftUITests.xctest */;
			productType = "com.apple.product-type.bundle.ui-testing";
		};
/* End PBXNativeTarget section */

/* Begin PBXProject section */
		C2F360961DF70BF100B0B058 /* Project object */ = {
			isa = PBXProject;
			attributes = {
				LastSwiftUpdateCheck = 0810;
				LastUpgradeCheck = 0820;
				ORGANIZATIONNAME = "derex pan";
				TargetAttributes = {
					C2F3609D1DF70BF100B0B058 = {
						CreatedOnToolsVersion = 8.1;
						DevelopmentTeam = 2NHV9XL52A;
						LastSwiftMigration = 0810;
						ProvisioningStyle = Automatic;
					};
					C2F360B11DF70BF200B0B058 = {
						CreatedOnToolsVersion = 8.1;
						DevelopmentTeam = 2NHV9XL52A;
						ProvisioningStyle = Automatic;
						TestTargetID = C2F3609D1DF70BF100B0B058;
					};
					C2F360BC1DF70BF200B0B058 = {
						CreatedOnToolsVersion = 8.1;
						DevelopmentTeam = 2NHV9XL52A;
						ProvisioningStyle = Automatic;
						TestTargetID = C2F3609D1DF70BF100B0B058;
					};
				};
			};
			buildConfigurationList = C2F360991DF70BF100B0B058 /* Build configuration list for PBXProject "jiagexian_Swift" */;
			compatibilityVersion = "Xcode 3.2";
			developmentRegion = English;
			hasScannedForEncodings = 0;
			knownRegions = (
				en,
				Base,
			);
			mainGroup = C2F360951DF70BF100B0B058;
			productRefGroup = C2F3609F1DF70BF100B0B058 /* Products */;
			projectDirPath = "";
			projectRoot = "";
			targets = (
				C2F3609D1DF70BF100B0B058 /* jiagexian_Swift */,
				C2F360B11DF70BF200B0B058 /* jiagexian_SwiftTests */,
				C2F360BC1DF70BF200B0B058 /* jiagexian_SwiftUITests */,
			);
		};
/* End PBXProject section */

/* Begin PBXResourcesBuildPhase section */
		C2F3609C1DF70BF100B0B058 /* Resources */ = {
			isa = PBXResourcesBuildPhase;
			buildActionMask = 2147483647;
			files = (
				C2F360AC1DF70BF100B0B058 /* LaunchScreen.storyboard in Resources */,
				C2F360A91DF70BF100B0B058 /* Assets.xcassets in Resources */,
				C2F360A71DF70BF100B0B058 /* Main.storyboard in Resources */,
				C24AE1D81E00F149001AAE87 /* cities.plist in Resources */,
			);
			runOnlyForDeploymentPostprocessing = 0;
		};
		C2F360B01DF70BF200B0B058 /* Resources */ = {
			isa = PBXResourcesBuildPhase;
			buildActionMask = 2147483647;
			files = (
			);
			runOnlyForDeploymentPostprocessing = 0;
		};
		C2F360BB1DF70BF200B0B058 /* Resources */ = {
			isa = PBXResourcesBuildPhase;
			buildActionMask = 2147483647;
			files = (
			);
			runOnlyForDeploymentPostprocessing = 0;
		};
/* End PBXResourcesBuildPhase section */

/* Begin PBXShellScriptBuildPhase section */
		01718C1920CD5905B3C4FA6B /* [CP] Check Pods Manifest.lock */ = {
			isa = PBXShellScriptBuildPhase;
			buildActionMask = 2147483647;
			files = (
			);
			inputPaths = (
			);
			name = "[CP] Check Pods Manifest.lock";
			outputPaths = (
			);
			runOnlyForDeploymentPostprocessing = 0;
			shellPath = /bin/sh;
			shellScript = "diff \"${PODS_ROOT}/../Podfile.lock\" \"${PODS_ROOT}/Manifest.lock\" > /dev/null\nif [ $? != 0 ] ; then\n    # print error to STDERR\n    echo \"error: The sandbox is not in sync with the Podfile.lock. Run 'pod install' or update your CocoaPods installation.\" >&2\n    exit 1\nfi\n";
			showEnvVarsInLog = 0;
		};
		14EE24B3B8B1356F1F9FB5C1 /* [CP] Embed Pods Frameworks */ = {
			isa = PBXShellScriptBuildPhase;
			buildActionMask = 2147483647;
			files = (
			);
			inputPaths = (
			);
			name = "[CP] Embed Pods Frameworks";
			outputPaths = (
			);
			runOnlyForDeploymentPostprocessing = 0;
			shellPath = /bin/sh;
			shellScript = "\"${SRCROOT}/Pods/Target Support Files/Pods-jiagexian_Swift/Pods-jiagexian_Swift-frameworks.sh\"\n";
			showEnvVarsInLog = 0;
		};
		3B65B0A6D28116590CE6F155 /* [CP] Embed Pods Frameworks */ = {
			isa = PBXShellScriptBuildPhase;
			buildActionMask = 2147483647;
			files = (
			);
			inputPaths = (
			);
			name = "[CP] Embed Pods Frameworks";
			outputPaths = (
			);
			runOnlyForDeploymentPostprocessing = 0;
			shellPath = /bin/sh;
			shellScript = "\"${SRCROOT}/Pods/Target Support Files/Pods-jiagexian_SwiftTests/Pods-jiagexian_SwiftTests-frameworks.sh\"\n";
			showEnvVarsInLog = 0;
		};
		878D933EAD0D57BAF29E990C /* [CP] Copy Pods Resources */ = {
			isa = PBXShellScriptBuildPhase;
			buildActionMask = 2147483647;
			files = (
			);
			inputPaths = (
			);
			name = "[CP] Copy Pods Resources";
			outputPaths = (
			);
			runOnlyForDeploymentPostprocessing = 0;
			shellPath = /bin/sh;
			shellScript = "\"${SRCROOT}/Pods/Target Support Files/Pods-jiagexian_SwiftTests/Pods-jiagexian_SwiftTests-resources.sh\"\n";
			showEnvVarsInLog = 0;
		};
		9C7D30B2FED1A788ADC45C36 /* [CP] Check Pods Manifest.lock */ = {
			isa = PBXShellScriptBuildPhase;
			buildActionMask = 2147483647;
			files = (
			);
			inputPaths = (
			);
			name = "[CP] Check Pods Manifest.lock";
			outputPaths = (
			);
			runOnlyForDeploymentPostprocessing = 0;
			shellPath = /bin/sh;
			shellScript = "diff \"${PODS_ROOT}/../Podfile.lock\" \"${PODS_ROOT}/Manifest.lock\" > /dev/null\nif [ $? != 0 ] ; then\n    # print error to STDERR\n    echo \"error: The sandbox is not in sync with the Podfile.lock. Run 'pod install' or update your CocoaPods installation.\" >&2\n    exit 1\nfi\n";
			showEnvVarsInLog = 0;
		};
		A4247C58F44385A836FBE666 /* [CP] Copy Pods Resources */ = {
			isa = PBXShellScriptBuildPhase;
			buildActionMask = 2147483647;
			files = (
			);
			inputPaths = (
			);
			name = "[CP] Copy Pods Resources";
			outputPaths = (
			);
			runOnlyForDeploymentPostprocessing = 0;
			shellPath = /bin/sh;
			shellScript = "\"${SRCROOT}/Pods/Target Support Files/Pods-jiagexian_Swift/Pods-jiagexian_Swift-resources.sh\"\n";
			showEnvVarsInLog = 0;
		};
		A5E141EE25612DB7D08769D9 /* [CP] Check Pods Manifest.lock */ = {
			isa = PBXShellScriptBuildPhase;
			buildActionMask = 2147483647;
			files = (
			);
			inputPaths = (
			);
			name = "[CP] Check Pods Manifest.lock";
			outputPaths = (
			);
			runOnlyForDeploymentPostprocessing = 0;
			shellPath = /bin/sh;
			shellScript = "diff \"${PODS_ROOT}/../Podfile.lock\" \"${PODS_ROOT}/Manifest.lock\" > /dev/null\nif [ $? != 0 ] ; then\n    # print error to STDERR\n    echo \"error: The sandbox is not in sync with the Podfile.lock. Run 'pod install' or update your CocoaPods installation.\" >&2\n    exit 1\nfi\n";
			showEnvVarsInLog = 0;
		};
		CC05C3DCB6BA49C33113E675 /* [CP] Embed Pods Frameworks */ = {
			isa = PBXShellScriptBuildPhase;
			buildActionMask = 2147483647;
			files = (
			);
			inputPaths = (
			);
			name = "[CP] Embed Pods Frameworks";
			outputPaths = (
			);
			runOnlyForDeploymentPostprocessing = 0;
			shellPath = /bin/sh;
			shellScript = "\"${SRCROOT}/Pods/Target Support Files/Pods-jiagexian_SwiftUITests/Pods-jiagexian_SwiftUITests-frameworks.sh\"\n";
			showEnvVarsInLog = 0;
		};
		CD1FB38FBAE60BD3453EBB6E /* [CP] Copy Pods Resources */ = {
			isa = PBXShellScriptBuildPhase;
			buildActionMask = 2147483647;
			files = (
			);
			inputPaths = (
			);
			name = "[CP] Copy Pods Resources";
			outputPaths = (
			);
			runOnlyForDeploymentPostprocessing = 0;
			shellPath = /bin/sh;
			shellScript = "\"${SRCROOT}/Pods/Target Support Files/Pods-jiagexian_SwiftUITests/Pods-jiagexian_SwiftUITests-resources.sh\"\n";
			showEnvVarsInLog = 0;
		};
/* End PBXShellScriptBuildPhase section */

/* Begin PBXSourcesBuildPhase section */
		C2F3609A1DF70BF100B0B058 /* Sources */ = {
			isa = PBXSourcesBuildPhase;
			buildActionMask = 2147483647;
			files = (
				C246BA741E004E44000A001E /* CitesTableViewController.swift in Sources */,
				C296F9B21DFD5E4B00139D33 /* RoomBL.swift in Sources */,
				C246BA7A1E004EA3000A001E /* RoomsListTableViewController.swift in Sources */,
				C2F360D11DF70C2700B0B058 /* BLHelp.swift in Sources */,
				C2F360A41DF70BF100B0B058 /* ViewController.swift in Sources */,
				C246BA781E004E98000A001E /* HotelListTableViewController.swift in Sources */,
				C2BF86441DFAE7C6000DE75B /* HotelBL.swift in Sources */,
				C246BA761E004E5D000A001E /* KeysTableViewController.swift in Sources */,
				C2F360A21DF70BF100B0B058 /* AppDelegate.swift in Sources */,
			);
			runOnlyForDeploymentPostprocessing = 0;
		};
		C2F360AE1DF70BF200B0B058 /* Sources */ = {
			isa = PBXSourcesBuildPhase;
			buildActionMask = 2147483647;
			files = (
				C2F360B71DF70BF200B0B058 /* jiagexian_SwfitTests.swift in Sources */,
			);
			runOnlyForDeploymentPostprocessing = 0;
		};
		C2F360B91DF70BF200B0B058 /* Sources */ = {
			isa = PBXSourcesBuildPhase;
			buildActionMask = 2147483647;
			files = (
				C2F360C21DF70BF200B0B058 /* jiagexian_SwfitUITests.swift in Sources */,
			);
			runOnlyForDeploymentPostprocessing = 0;
		};
/* End PBXSourcesBuildPhase section */

/* Begin PBXTargetDependency section */
		C2F360B41DF70BF200B0B058 /* PBXTargetDependency */ = {
			isa = PBXTargetDependency;
			target = C2F3609D1DF70BF100B0B058 /* jiagexian_Swift */;
			targetProxy = C2F360B31DF70BF200B0B058 /* PBXContainerItemProxy */;
		};
		C2F360BF1DF70BF200B0B058 /* PBXTargetDependency */ = {
			isa = PBXTargetDependency;
			target = C2F3609D1DF70BF100B0B058 /* jiagexian_Swift */;
			targetProxy = C2F360BE1DF70BF200B0B058 /* PBXContainerItemProxy */;
		};
/* End PBXTargetDependency section */

/* Begin PBXVariantGroup section */
		C2F360A51DF70BF100B0B058 /* Main.storyboard */ = {
			isa = PBXVariantGroup;
			children = (
				C2F360A61DF70BF100B0B058 /* Base */,
			);
			name = Main.storyboard;
			sourceTree = "<group>";
		};
		C2F360AA1DF70BF100B0B058 /* LaunchScreen.storyboard */ = {
			isa = PBXVariantGroup;
			children = (
				C2F360AB1DF70BF100B0B058 /* Base */,
			);
			name = LaunchScreen.storyboard;
			sourceTree = "<group>";
		};
/* End PBXVariantGroup section */

/* Begin XCBuildConfiguration section */
		C2F360C41DF70BF200B0B058 /* Debug */ = {
			isa = XCBuildConfiguration;
			buildSettings = {
				ALWAYS_SEARCH_USER_PATHS = NO;
				CLANG_ANALYZER_NONNULL = YES;
				CLANG_CXX_LANGUAGE_STANDARD = "gnu++0x";
				CLANG_CXX_LIBRARY = "libc++";
				CLANG_ENABLE_MODULES = YES;
				CLANG_ENABLE_OBJC_ARC = YES;
				CLANG_WARN_BOOL_CONVERSION = YES;
				CLANG_WARN_CONSTANT_CONVERSION = YES;
				CLANG_WARN_DIRECT_OBJC_ISA_USAGE = YES_ERROR;
				CLANG_WARN_DOCUMENTATION_COMMENTS = YES;
				CLANG_WARN_EMPTY_BODY = YES;
				CLANG_WARN_ENUM_CONVERSION = YES;
				CLANG_WARN_INFINITE_RECURSION = YES;
				CLANG_WARN_INT_CONVERSION = YES;
				CLANG_WARN_OBJC_ROOT_CLASS = YES_ERROR;
				CLANG_WARN_SUSPICIOUS_MOVE = YES;
				CLANG_WARN_SUSPICIOUS_MOVES = YES;
				CLANG_WARN_UNREACHABLE_CODE = YES;
				CLANG_WARN__DUPLICATE_METHOD_MATCH = YES;
				"CODE_SIGN_IDENTITY[sdk=iphoneos*]" = "iPhone Developer";
				COPY_PHASE_STRIP = NO;
				DEBUG_INFORMATION_FORMAT = dwarf;
				ENABLE_STRICT_OBJC_MSGSEND = YES;
				ENABLE_TESTABILITY = YES;
				GCC_C_LANGUAGE_STANDARD = gnu99;
				GCC_DYNAMIC_NO_PIC = NO;
				GCC_NO_COMMON_BLOCKS = YES;
				GCC_OPTIMIZATION_LEVEL = 0;
				GCC_PREPROCESSOR_DEFINITIONS = (
					"DEBUG=1",
					"$(inherited)",
				);
				GCC_WARN_64_TO_32_BIT_CONVERSION = YES;
				GCC_WARN_ABOUT_RETURN_TYPE = YES_ERROR;
				GCC_WARN_UNDECLARED_SELECTOR = YES;
				GCC_WARN_UNINITIALIZED_AUTOS = YES_AGGRESSIVE;
				GCC_WARN_UNUSED_FUNCTION = YES;
				GCC_WARN_UNUSED_VARIABLE = YES;
				IPHONEOS_DEPLOYMENT_TARGET = 10.1;
				MTL_ENABLE_DEBUG_INFO = YES;
				ONLY_ACTIVE_ARCH = YES;
				SDKROOT = iphoneos;
				SWIFT_ACTIVE_COMPILATION_CONDITIONS = DEBUG;
				SWIFT_OPTIMIZATION_LEVEL = "-Onone";
			};
			name = Debug;
		};
		C2F360C51DF70BF200B0B058 /* Release */ = {
			isa = XCBuildConfiguration;
			buildSettings = {
				ALWAYS_SEARCH_USER_PATHS = NO;
				CLANG_ANALYZER_NONNULL = YES;
				CLANG_CXX_LANGUAGE_STANDARD = "gnu++0x";
				CLANG_CXX_LIBRARY = "libc++";
				CLANG_ENABLE_MODULES = YES;
				CLANG_ENABLE_OBJC_ARC = YES;
				CLANG_WARN_BOOL_CONVERSION = YES;
				CLANG_WARN_CONSTANT_CONVERSION = YES;
				CLANG_WARN_DIRECT_OBJC_ISA_USAGE = YES_ERROR;
				CLANG_WARN_DOCUMENTATION_COMMENTS = YES;
				CLANG_WARN_EMPTY_BODY = YES;
				CLANG_WARN_ENUM_CONVERSION = YES;
				CLANG_WARN_INFINITE_RECURSION = YES;
				CLANG_WARN_INT_CONVERSION = YES;
				CLANG_WARN_OBJC_ROOT_CLASS = YES_ERROR;
				CLANG_WARN_SUSPICIOUS_MOVE = YES;
				CLANG_WARN_SUSPICIOUS_MOVES = YES;
				CLANG_WARN_UNREACHABLE_CODE = YES;
				CLANG_WARN__DUPLICATE_METHOD_MATCH = YES;
				"CODE_SIGN_IDENTITY[sdk=iphoneos*]" = "iPhone Developer";
				COPY_PHASE_STRIP = NO;
				DEBUG_INFORMATION_FORMAT = "dwarf-with-dsym";
				ENABLE_NS_ASSERTIONS = NO;
				ENABLE_STRICT_OBJC_MSGSEND = YES;
				GCC_C_LANGUAGE_STANDARD = gnu99;
				GCC_NO_COMMON_BLOCKS = YES;
				GCC_WARN_64_TO_32_BIT_CONVERSION = YES;
				GCC_WARN_ABOUT_RETURN_TYPE = YES_ERROR;
				GCC_WARN_UNDECLARED_SELECTOR = YES;
				GCC_WARN_UNINITIALIZED_AUTOS = YES_AGGRESSIVE;
				GCC_WARN_UNUSED_FUNCTION = YES;
				GCC_WARN_UNUSED_VARIABLE = YES;
				IPHONEOS_DEPLOYMENT_TARGET = 10.1;
				MTL_ENABLE_DEBUG_INFO = NO;
				SDKROOT = iphoneos;
				SWIFT_OPTIMIZATION_LEVEL = "-Owholemodule";
				VALIDATE_PRODUCT = YES;
			};
			name = Release;
		};
		C2F360C71DF70BF200B0B058 /* Debug */ = {
			isa = XCBuildConfiguration;
			baseConfigurationReference = FE803030D2019F7B935580CD /* Pods-jiagexian_Swift.debug.xcconfig */;
			buildSettings = {
				ALWAYS_EMBED_SWIFT_STANDARD_LIBRARIES = YES;
				ASSETCATALOG_COMPILER_APPICON_NAME = AppIcon;
				CLANG_ENABLE_MODULES = YES;
				DEVELOPMENT_TEAM = 2NHV9XL52A;
				INFOPLIST_FILE = jiagexian_Swfit/Info.plist;
				LD_RUNPATH_SEARCH_PATHS = "$(inherited) @executable_path/Frameworks";
				PRODUCT_BUNDLE_IDENTIFIER = "derex.jiagexian-Swfit";
				PRODUCT_NAME = "$(TARGET_NAME)";
				SWIFT_OBJC_BRIDGING_HEADER = "jiagexian_Swfit/jiagexian_Swift-Bridging-Header.h";
				SWIFT_OPTIMIZATION_LEVEL = "-Onone";
				SWIFT_VERSION = 3.0;
			};
			name = Debug;
		};
		C2F360C81DF70BF200B0B058 /* Release */ = {
			isa = XCBuildConfiguration;
			baseConfigurationReference = 77C73B95012D90FD3D6D2CBE /* Pods-jiagexian_Swift.release.xcconfig */;
			buildSettings = {
				ALWAYS_EMBED_SWIFT_STANDARD_LIBRARIES = YES;
				ASSETCATALOG_COMPILER_APPICON_NAME = AppIcon;
				CLANG_ENABLE_MODULES = YES;
				DEVELOPMENT_TEAM = 2NHV9XL52A;
				INFOPLIST_FILE = jiagexian_Swfit/Info.plist;
				LD_RUNPATH_SEARCH_PATHS = "$(inherited) @executable_path/Frameworks";
				PRODUCT_BUNDLE_IDENTIFIER = "derex.jiagexian-Swfit";
				PRODUCT_NAME = "$(TARGET_NAME)";
				SWIFT_OBJC_BRIDGING_HEADER = "jiagexian_Swfit/jiagexian_Swift-Bridging-Header.h";
				SWIFT_VERSION = 3.0;
			};
			name = Release;
		};
		C2F360CA1DF70BF200B0B058 /* Debug */ = {
			isa = XCBuildConfiguration;
			baseConfigurationReference = 6AB75CD2092BAEF3793D302F /* Pods-jiagexian_SwiftTests.debug.xcconfig */;
			buildSettings = {
				ALWAYS_EMBED_SWIFT_STANDARD_LIBRARIES = YES;
				BUNDLE_LOADER = "$(TEST_HOST)";
				DEVELOPMENT_TEAM = 2NHV9XL52A;
				INFOPLIST_FILE = jiagexian_SwfitTests/Info.plist;
				LD_RUNPATH_SEARCH_PATHS = "$(inherited) @executable_path/Frameworks @loader_path/Frameworks";
				PRODUCT_BUNDLE_IDENTIFIER = "derex.jiagexian-SwfitTests";
				PRODUCT_NAME = "$(TARGET_NAME)";
				SWIFT_VERSION = 3.0;
				TEST_HOST = "$(BUILT_PRODUCTS_DIR)/jiagexian_Swift.app/jiagexian_Swift";
			};
			name = Debug;
		};
		C2F360CB1DF70BF200B0B058 /* Release */ = {
			isa = XCBuildConfiguration;
			baseConfigurationReference = 9AB8757CF311888E12B6CEBC /* Pods-jiagexian_SwiftTests.release.xcconfig */;
			buildSettings = {
				ALWAYS_EMBED_SWIFT_STANDARD_LIBRARIES = YES;
				BUNDLE_LOADER = "$(TEST_HOST)";
				DEVELOPMENT_TEAM = 2NHV9XL52A;
				INFOPLIST_FILE = jiagexian_SwfitTests/Info.plist;
				LD_RUNPATH_SEARCH_PATHS = "$(inherited) @executable_path/Frameworks @loader_path/Frameworks";
				PRODUCT_BUNDLE_IDENTIFIER = "derex.jiagexian-SwfitTests";
				PRODUCT_NAME = "$(TARGET_NAME)";
				SWIFT_VERSION = 3.0;
				TEST_HOST = "$(BUILT_PRODUCTS_DIR)/jiagexian_Swift.app/jiagexian_Swift";
			};
			name = Release;
		};
		C2F360CD1DF70BF200B0B058 /* Debug */ = {
			isa = XCBuildConfiguration;
			baseConfigurationReference = DF614F2A277C7FE233066FDD /* Pods-jiagexian_SwiftUITests.debug.xcconfig */;
			buildSettings = {
				ALWAYS_EMBED_SWIFT_STANDARD_LIBRARIES = YES;
				DEVELOPMENT_TEAM = 2NHV9XL52A;
				INFOPLIST_FILE = jiagexian_SwfitUITests/Info.plist;
				LD_RUNPATH_SEARCH_PATHS = "$(inherited) @executable_path/Frameworks @loader_path/Frameworks";
				PRODUCT_BUNDLE_IDENTIFIER = "derex.jiagexian-SwfitUITests";
				PRODUCT_NAME = "$(TARGET_NAME)";
				SWIFT_VERSION = 3.0;
				TEST_TARGET_NAME = jiagexian_Swfit;
			};
			name = Debug;
		};
		C2F360CE1DF70BF200B0B058 /* Release */ = {
			isa = XCBuildConfiguration;
			baseConfigurationReference = 75D222267B20D1F54A21B633 /* Pods-jiagexian_SwiftUITests.release.xcconfig */;
			buildSettings = {
				ALWAYS_EMBED_SWIFT_STANDARD_LIBRARIES = YES;
				DEVELOPMENT_TEAM = 2NHV9XL52A;
				INFOPLIST_FILE = jiagexian_SwfitUITests/Info.plist;
				LD_RUNPATH_SEARCH_PATHS = "$(inherited) @executable_path/Frameworks @loader_path/Frameworks";
				PRODUCT_BUNDLE_IDENTIFIER = "derex.jiagexian-SwfitUITests";
				PRODUCT_NAME = "$(TARGET_NAME)";
				SWIFT_VERSION = 3.0;
				TEST_TARGET_NAME = jiagexian_Swfit;
			};
			name = Release;
		};
/* End XCBuildConfiguration section */

/* Begin XCConfigurationList section */
		C2F360991DF70BF100B0B058 /* Build configuration list for PBXProject "jiagexian_Swift" */ = {
			isa = XCConfigurationList;
			buildConfigurations = (
				C2F360C41DF70BF200B0B058 /* Debug */,
				C2F360C51DF70BF200B0B058 /* Release */,
			);
			defaultConfigurationIsVisible = 0;
			defaultConfigurationName = Release;
		};
		C2F360C61DF70BF200B0B058 /* Build configuration list for PBXNativeTarget "jiagexian_Swift" */ = {
			isa = XCConfigurationList;
			buildConfigurations = (
				C2F360C71DF70BF200B0B058 /* Debug */,
				C2F360C81DF70BF200B0B058 /* Release */,
			);
			defaultConfigurationIsVisible = 0;
			defaultConfigurationName = Release;
		};
		C2F360C91DF70BF200B0B058 /* Build configuration list for PBXNativeTarget "jiagexian_SwiftTests" */ = {
			isa = XCConfigurationList;
			buildConfigurations = (
				C2F360CA1DF70BF200B0B058 /* Debug */,
				C2F360CB1DF70BF200B0B058 /* Release */,
			);
			defaultConfigurationIsVisible = 0;
			defaultConfigurationName = Release;
		};
		C2F360CC1DF70BF200B0B058 /* Build configuration list for PBXNativeTarget "jiagexian_SwiftUITests" */ = {
			isa = XCConfigurationList;
			buildConfigurations = (
				C2F360CD1DF70BF200B0B058 /* Debug */,
				C2F360CE1DF70BF200B0B058 /* Release */,
			);
			defaultConfigurationIsVisible = 0;
			defaultConfigurationName = Release;
		};
/* End XCConfigurationList section */
	};
	rootObject = C2F360961DF70BF100B0B058 /* Project object */;
}
